
Microsoft Visual Studio Solution File, Format Version 12.00
# Visual Studio 15
VisualStudioVersion = 15.0.28307.489
MinimumVisualStudioVersion = 10.0.40219.1
Project("{2150E333-8FDC-42A3-9474-1A3956D46DE8}") = "Solution Items", "Solution Items", "{860CB76D-4ACE-4DE3-95C7-AF2A645A1763}"
	ProjectSection(SolutionItems) = preProject
		..\.env = ..\.env
		..\docker-compose.override.yml = ..\docker-compose.override.yml
		..\docker-compose.yml = ..\docker-compose.yml
	EndProjectSection
EndProject
Project("{2150E333-8FDC-42A3-9474-1A3956D46DE8}") = "App", "App", "{442E18EF-CB24-419E-914E-F8569D7D4D85}"
EndProject
Project("{2150E333-8FDC-42A3-9474-1A3956D46DE8}") = "Infrastructure", "Infrastructure", "{C76B8674-77FD-4A3C-8B36-1F6FA72C2715}"
EndProject
Project("{9A19103F-16F7-4668-BE54-9A1E7A4F7556}") = "Infrastructure", "Infrastructure\Infrastructure\Infrastructure.csproj", "{7857E95C-E651-4AE8-9831-1FF0F131A2FF}"
EndProject
Project("{9A19103F-16F7-4668-BE54-9A1E7A4F7556}") = "Interceptor", "Infrastructure\Interceptor\Interceptor.csproj", "{9B198CCF-CA88-42FA-BEAD-E466285DD774}"
EndProject
Project("{9A19103F-16F7-4668-BE54-9A1E7A4F7556}") = "Api", "App\Api\Api.csproj", "{19165B5F-B3FA-419E-8EB5-D7538F975B60}"
EndProject
Project("{9A19103F-16F7-4668-BE54-9A1E7A4F7556}") = "App", "App\App\App.csproj", "{C7258738-7063-496B-A3CC-724290373657}"
EndProject
Project("{9A19103F-16F7-4668-BE54-9A1E7A4F7556}") = "Dtos", "App\Dtos\Dtos.csproj", "{E6B93023-6194-4DBE-AA4A-7DDA728A6A94}"
EndProject
Project("{9A19103F-16F7-4668-BE54-9A1E7A4F7556}") = "Events", "App\Events\Events.csproj", "{B624A9FF-009E-4E2E-B8A6-A842690D7F3B}"
EndProject
Project("{9A19103F-16F7-4668-BE54-9A1E7A4F7556}") = "Handlers", "App\Handlers\Handlers.csproj", "{1754CB21-B62E-4A67-B2B7-02E5DC7C28FC}"
EndProject
Project("{9A19103F-16F7-4668-BE54-9A1E7A4F7556}") = "Services", "App\Services\Services.csproj", "{607E2936-DEC6-4232-868D-2FFC3B24AE8D}"
EndProject
Project("{2150E333-8FDC-42A3-9474-1A3956D46DE8}") = "Auth", "Auth", "{E143ABB7-D1CD-41B7-B191-3AC72AE40AA8}"
EndProject
Project("{9A19103F-16F7-4668-BE54-9A1E7A4F7556}") = "AuthServer", "Auth\AuthServer\AuthServer.csproj", "{B178A1F0-0BC3-4F05-A9BF-84EF16CAEB1E}"
EndProject
Project("{2150E333-8FDC-42A3-9474-1A3956D46DE8}") = "Scheduler", "Scheduler", "{823FBCA7-FCAE-47E0-BEDF-467B1383E4D8}"
EndProject
Project("{9A19103F-16F7-4668-BE54-9A1E7A4F7556}") = "Scheduler.App", "Scheduler\Scheduler.App\Scheduler.App.csproj", "{24473F63-FA2C-4D4B-BFDA-06BE004FDD41}"
EndProject
Project("{9A19103F-16F7-4668-BE54-9A1E7A4F7556}") = "Scheduler.Commands", "Scheduler\Scheduler.Commands\Scheduler.Commands.csproj", "{FF4EBDED-E240-47BD-B3B4-1822D99C5EA3}"
EndProject
Project("{9A19103F-16F7-4668-BE54-9A1E7A4F7556}") = "Scheduler.Handlers", "Scheduler\Scheduler.Handlers\Scheduler.Handlers.csproj", "{D6FC5D31-E1D7-4691-B85B-A9740FA28E04}"
EndProject
Project("{9A19103F-16F7-4668-BE54-9A1E7A4F7556}") = "Scheduler.Services", "Scheduler\Scheduler.Services\Scheduler.Services.csproj", "{F002FAF8-675C-4693-9E2D-68299392E195}"
EndProject
Global
	GlobalSection(SolutionConfigurationPlatforms) = preSolution
		Debug|Any CPU = Debug|Any CPU
		Release|Any CPU = Release|Any CPU
	EndGlobalSection
	GlobalSection(ProjectConfigurationPlatforms) = postSolution
		{7857E95C-E651-4AE8-9831-1FF0F131A2FF}.Debug|Any CPU.ActiveCfg = Debug|Any CPU
		{7857E95C-E651-4AE8-9831-1FF0F131A2FF}.Debug|Any CPU.Build.0 = Debug|Any CPU
		{7857E95C-E651-4AE8-9831-1FF0F131A2FF}.Release|Any CPU.ActiveCfg = Release|Any CPU
		{7857E95C-E651-4AE8-9831-1FF0F131A2FF}.Release|Any CPU.Build.0 = Release|Any CPU
		{9B198CCF-CA88-42FA-BEAD-E466285DD774}.Debug|Any CPU.ActiveCfg = Debug|Any CPU
		{9B198CCF-CA88-42FA-BEAD-E466285DD774}.Debug|Any CPU.Build.0 = Debug|Any CPU
		{9B198CCF-CA88-42FA-BEAD-E466285DD774}.Release|Any CPU.ActiveCfg = Release|Any CPU
		{9B198CCF-CA88-42FA-BEAD-E466285DD774}.Release|Any CPU.Build.0 = Release|Any CPU
		{19165B5F-B3FA-419E-8EB5-D7538F975B60}.Debug|Any CPU.ActiveCfg = Debug|Any CPU
		{19165B5F-B3FA-419E-8EB5-D7538F975B60}.Debug|Any CPU.Build.0 = Debug|Any CPU
		{19165B5F-B3FA-419E-8EB5-D7538F975B60}.Release|Any CPU.ActiveCfg = Release|Any CPU
		{19165B5F-B3FA-419E-8EB5-D7538F975B60}.Release|Any CPU.Build.0 = Release|Any CPU
		{C7258738-7063-496B-A3CC-724290373657}.Debug|Any CPU.ActiveCfg = Debug|Any CPU
		{C7258738-7063-496B-A3CC-724290373657}.Debug|Any CPU.Build.0 = Debug|Any CPU
		{C7258738-7063-496B-A3CC-724290373657}.Release|Any CPU.ActiveCfg = Release|Any CPU
		{C7258738-7063-496B-A3CC-724290373657}.Release|Any CPU.Build.0 = Release|Any CPU
		{E6B93023-6194-4DBE-AA4A-7DDA728A6A94}.Debug|Any CPU.ActiveCfg = Debug|Any CPU
		{E6B93023-6194-4DBE-AA4A-7DDA728A6A94}.Debug|Any CPU.Build.0 = Debug|Any CPU
		{E6B93023-6194-4DBE-AA4A-7DDA728A6A94}.Release|Any CPU.ActiveCfg = Release|Any CPU
		{E6B93023-6194-4DBE-AA4A-7DDA728A6A94}.Release|Any CPU.Build.0 = Release|Any CPU
		{B624A9FF-009E-4E2E-B8A6-A842690D7F3B}.Debug|Any CPU.ActiveCfg = Debug|Any CPU
		{B624A9FF-009E-4E2E-B8A6-A842690D7F3B}.Debug|Any CPU.Build.0 = Debug|Any CPU
		{B624A9FF-009E-4E2E-B8A6-A842690D7F3B}.Release|Any CPU.ActiveCfg = Release|Any CPU
		{B624A9FF-009E-4E2E-B8A6-A842690D7F3B}.Release|Any CPU.Build.0 = Release|Any CPU
		{1754CB21-B62E-4A67-B2B7-02E5DC7C28FC}.Debug|Any CPU.ActiveCfg = Debug|Any CPU
		{1754CB21-B62E-4A67-B2B7-02E5DC7C28FC}.Debug|Any CPU.Build.0 = Debug|Any CPU
		{1754CB21-B62E-4A67-B2B7-02E5DC7C28FC}.Release|Any CPU.ActiveCfg = Release|Any CPU
		{1754CB21-B62E-4A67-B2B7-02E5DC7C28FC}.Release|Any CPU.Build.0 = Release|Any CPU
		{607E2936-DEC6-4232-868D-2FFC3B24AE8D}.Debug|Any CPU.ActiveCfg = Debug|Any CPU
		{607E2936-DEC6-4232-868D-2FFC3B24AE8D}.Debug|Any CPU.Build.0 = Debug|Any CPU
		{607E2936-DEC6-4232-868D-2FFC3B24AE8D}.Release|Any CPU.ActiveCfg = Release|Any CPU
		{607E2936-DEC6-4232-868D-2FFC3B24AE8D}.Release|Any CPU.Build.0 = Release|Any CPU
		{B178A1F0-0BC3-4F05-A9BF-84EF16CAEB1E}.Debug|Any CPU.ActiveCfg = Debug|Any CPU
		{B178A1F0-0BC3-4F05-A9BF-84EF16CAEB1E}.Debug|Any CPU.Build.0 = Debug|Any CPU
		{B178A1F0-0BC3-4F05-A9BF-84EF16CAEB1E}.Release|Any CPU.ActiveCfg = Release|Any CPU
		{B178A1F0-0BC3-4F05-A9BF-84EF16CAEB1E}.Release|Any CPU.Build.0 = Release|Any CPU
		{24473F63-FA2C-4D4B-BFDA-06BE004FDD41}.Debug|Any CPU.ActiveCfg = Debug|Any CPU
		{24473F63-FA2C-4D4B-BFDA-06BE004FDD41}.Debug|Any CPU.Build.0 = Debug|Any CPU
		{24473F63-FA2C-4D4B-BFDA-06BE004FDD41}.Release|Any CPU.ActiveCfg = Release|Any CPU
		{24473F63-FA2C-4D4B-BFDA-06BE004FDD41}.Release|Any CPU.Build.0 = Release|Any CPU
		{FF4EBDED-E240-47BD-B3B4-1822D99C5EA3}.Debug|Any CPU.ActiveCfg = Debug|Any CPU
		{FF4EBDED-E240-47BD-B3B4-1822D99C5EA3}.Debug|Any CPU.Build.0 = Debug|Any CPU
		{FF4EBDED-E240-47BD-B3B4-1822D99C5EA3}.Release|Any CPU.ActiveCfg = Release|Any CPU
		{FF4EBDED-E240-47BD-B3B4-1822D99C5EA3}.Release|Any CPU.Build.0 = Release|Any CPU
		{D6FC5D31-E1D7-4691-B85B-A9740FA28E04}.Debug|Any CPU.ActiveCfg = Debug|Any CPU
		{D6FC5D31-E1D7-4691-B85B-A9740FA28E04}.Debug|Any CPU.Build.0 = Debug|Any CPU
		{D6FC5D31-E1D7-4691-B85B-A9740FA28E04}.Release|Any CPU.ActiveCfg = Release|Any CPU
		{D6FC5D31-E1D7-4691-B85B-A9740FA28E04}.Release|Any CPU.Build.0 = Release|Any CPU
		{F002FAF8-675C-4693-9E2D-68299392E195}.Debug|Any CPU.ActiveCfg = Debug|Any CPU
		{F002FAF8-675C-4693-9E2D-68299392E195}.Debug|Any CPU.Build.0 = Debug|Any CPU
		{F002FAF8-675C-4693-9E2D-68299392E195}.Release|Any CPU.ActiveCfg = Release|Any CPU
		{F002FAF8-675C-4693-9E2D-68299392E195}.Release|Any CPU.Build.0 = Release|Any CPU
	EndGlobalSection
	GlobalSection(SolutionProperties) = preSolution
		HideSolutionNode = FALSE
	EndGlobalSection
	GlobalSection(NestedProjects) = preSolution
		{7857E95C-E651-4AE8-9831-1FF0F131A2FF} = {C76B8674-77FD-4A3C-8B36-1F6FA72C2715}
		{9B198CCF-CA88-42FA-BEAD-E466285DD774} = {C76B8674-77FD-4A3C-8B36-1F6FA72C2715}
		{19165B5F-B3FA-419E-8EB5-D7538F975B60} = {442E18EF-CB24-419E-914E-F8569D7D4D85}
		{C7258738-7063-496B-A3CC-724290373657} = {442E18EF-CB24-419E-914E-F8569D7D4D85}
		{E6B93023-6194-4DBE-AA4A-7DDA728A6A94} = {442E18EF-CB24-419E-914E-F8569D7D4D85}
		{B624A9FF-009E-4E2E-B8A6-A842690D7F3B} = {442E18EF-CB24-419E-914E-F8569D7D4D85}
		{1754CB21-B62E-4A67-B2B7-02E5DC7C28FC} = {442E18EF-CB24-419E-914E-F8569D7D4D85}
		{607E2936-DEC6-4232-868D-2FFC3B24AE8D} = {442E18EF-CB24-419E-914E-F8569D7D4D85}
		{B178A1F0-0BC3-4F05-A9BF-84EF16CAEB1E} = {E143ABB7-D1CD-41B7-B191-3AC72AE40AA8}
		{24473F63-FA2C-4D4B-BFDA-06BE004FDD41} = {823FBCA7-FCAE-47E0-BEDF-467B1383E4D8}
		{FF4EBDED-E240-47BD-B3B4-1822D99C5EA3} = {823FBCA7-FCAE-47E0-BEDF-467B1383E4D8}
		{D6FC5D31-E1D7-4691-B85B-A9740FA28E04} = {823FBCA7-FCAE-47E0-BEDF-467B1383E4D8}
		{F002FAF8-675C-4693-9E2D-68299392E195} = {823FBCA7-FCAE-47E0-BEDF-467B1383E4D8}
	EndGlobalSection
	GlobalSection(ExtensibilityGlobals) = postSolution
		SolutionGuid = {8F1C0967-EB64-47F9-BE6F-F3687371E8FE}
	EndGlobalSection
EndGlobal
